
Microsoft Visual Studio Solution File, Format Version 12.00
# Visual Studio Version 17
VisualStudioVersion = 17.14.36203.30
MinimumVisualStudioVersion = 10.0.40219.1
Project("{FAE04EC0-301F-11D3-BF4B-00C04F79EFBC}") = "RoadCraft Vehicle Editorv2", "RoadCraft Vehicle Editorv2\RoadCraft Vehicle Editorv2.csproj", "{1252C307-BFF2-4B8B-ABD7-E2E6D3428407}"
EndProject
Global
	GlobalSection(SolutionConfigurationPlatforms) = preSolution
		Debug|Any CPU = Debug|Any CPU
		Release|Any CPU = Release|Any CPU
	EndGlobalSection
	GlobalSection(ProjectConfigurationPlatforms) = postSolution
		{1252C307-BFF2-4B8B-ABD7-E2E6D3428407}.Debug|Any CPU.ActiveCfg = Debug|Any CPU
		{1252C307-BFF2-4B8B-ABD7-E2E6D3428407}.Debug|Any CPU.Build.0 = Debug|Any CPU
		{1252C307-BFF2-4B8B-ABD7-E2E6D3428407}.Release|Any CPU.ActiveCfg = Release|Any CPU
		{1252C307-BFF2-4B8B-ABD7-E2E6D3428407}.Release|Any CPU.Build.0 = Release|Any CPU
	EndGlobalSection
	GlobalSection(SolutionProperties) = preSolution
		HideSolutionNode = FALSE
	EndGlobalSection
	GlobalSection(ExtensibilityGlobals) = postSolution
		SolutionGuid = {C4963C5A-7C34-44F5-8A21-391AD069F342}
	EndGlobalSection
EndGlobal
